// !$*UTF8*$!
{
	archiveVersion = 1;
	classes = {
	};
	objectVersion = 50;
	objects = {

/* Begin PBXBuildFile section */
		2347EFEB23048217004D0BF6 /* String+Helpers.swift in Sources */ = {isa = PBXBuildFile; fileRef = 2347EFEA23048217004D0BF6 /* String+Helpers.swift */; };
		2353AC4922F9F888006003E2 /* Stories.swift in Sources */ = {isa = PBXBuildFile; fileRef = 2353AC4822F9F888006003E2 /* Stories.swift */; };
		2353AC4B22FA2EC2006003E2 /* PrettyMaker.swift in Sources */ = {isa = PBXBuildFile; fileRef = 2353AC4A22FA2EC2006003E2 /* PrettyMaker.swift */; };
		2384EB8A22FD2E280038F1B3 /* ProbabilityGraph.swift in Sources */ = {isa = PBXBuildFile; fileRef = 2384EB8922FD2E280038F1B3 /* ProbabilityGraph.swift */; };
		2384EB8C22FD31610038F1B3 /* FakeMarkovChain.swift in Sources */ = {isa = PBXBuildFile; fileRef = 2384EB8B22FD31610038F1B3 /* FakeMarkovChain.swift */; };
		23DC4B652303243300674421 /* Probability.swift in Sources */ = {isa = PBXBuildFile; fileRef = 23DC4B642303243300674421 /* Probability.swift */; };
		23F7135B22F74C750070ABD0 /* AppDelegate.swift in Sources */ = {isa = PBXBuildFile; fileRef = 23F7135A22F74C750070ABD0 /* AppDelegate.swift */; };
		23F7135D22F74C750070ABD0 /* ViewController.swift in Sources */ = {isa = PBXBuildFile; fileRef = 23F7135C22F74C750070ABD0 /* ViewController.swift */; };
		23F7136022F74C750070ABD0 /* Main.storyboard in Resources */ = {isa = PBXBuildFile; fileRef = 23F7135E22F74C750070ABD0 /* Main.storyboard */; };
		23F7136322F74C750070ABD0 /* ProbabilityTree.xcdatamodeld in Sources */ = {isa = PBXBuildFile; fileRef = 23F7136122F74C750070ABD0 /* ProbabilityTree.xcdatamodeld */; };
		23F7136522F74C760070ABD0 /* Assets.xcassets in Resources */ = {isa = PBXBuildFile; fileRef = 23F7136422F74C760070ABD0 /* Assets.xcassets */; };
		23F7136822F74C760070ABD0 /* LaunchScreen.storyboard in Resources */ = {isa = PBXBuildFile; fileRef = 23F7136622F74C760070ABD0 /* LaunchScreen.storyboard */; };
		23F7137322F74C760070ABD0 /* ProbabilityTreeTests.swift in Sources */ = {isa = PBXBuildFile; fileRef = 23F7137222F74C760070ABD0 /* ProbabilityTreeTests.swift */; };
		23F7137F22F74C9E0070ABD0 /* ProbabilityTree.swift in Sources */ = {isa = PBXBuildFile; fileRef = 23F7137E22F74C9E0070ABD0 /* ProbabilityTree.swift */; };
/* End PBXBuildFile section */

/* Begin PBXContainerItemProxy section */
		23F7136F22F74C760070ABD0 /* PBXContainerItemProxy */ = {
			isa = PBXContainerItemProxy;
			containerPortal = 23F7134F22F74C750070ABD0 /* Project object */;
			proxyType = 1;
			remoteGlobalIDString = 23F7135622F74C750070ABD0;
			remoteInfo = ProbabilityTree;
		};
/* End PBXContainerItemProxy section */

/* Begin PBXFileReference section */
		2347EFEA23048217004D0BF6 /* String+Helpers.swift */ = {isa = PBXFileReference; lastKnownFileType = sourcecode.swift; path = "String+Helpers.swift"; sourceTree = "<group>"; };
		2353AC4822F9F888006003E2 /* Stories.swift */ = {isa = PBXFileReference; lastKnownFileType = sourcecode.swift; path = Stories.swift; sourceTree = "<group>"; };
		2353AC4A22FA2EC2006003E2 /* PrettyMaker.swift */ = {isa = PBXFileReference; lastKnownFileType = sourcecode.swift; path = PrettyMaker.swift; sourceTree = "<group>"; };
		2384EB8922FD2E280038F1B3 /* ProbabilityGraph.swift */ = {isa = PBXFileReference; lastKnownFileType = sourcecode.swift; path = ProbabilityGraph.swift; sourceTree = "<group>"; };
		2384EB8B22FD31610038F1B3 /* FakeMarkovChain.swift */ = {isa = PBXFileReference; lastKnownFileType = sourcecode.swift; path = FakeMarkovChain.swift; sourceTree = "<group>"; };
		23DC4B642303243300674421 /* Probability.swift */ = {isa = PBXFileReference; lastKnownFileType = sourcecode.swift; path = Probability.swift; sourceTree = "<group>"; };
		23F7135722F74C750070ABD0 /* ProbabilityTree.app */ = {isa = PBXFileReference; explicitFileType = wrapper.application; includeInIndex = 0; path = ProbabilityTree.app; sourceTree = BUILT_PRODUCTS_DIR; };
		23F7135A22F74C750070ABD0 /* AppDelegate.swift */ = {isa = PBXFileReference; lastKnownFileType = sourcecode.swift; path = AppDelegate.swift; sourceTree = "<group>"; };
		23F7135C22F74C750070ABD0 /* ViewController.swift */ = {isa = PBXFileReference; lastKnownFileType = sourcecode.swift; path = ViewController.swift; sourceTree = "<group>"; };
		23F7135F22F74C750070ABD0 /* Base */ = {isa = PBXFileReference; lastKnownFileType = file.storyboard; name = Base; path = Base.lproj/Main.storyboard; sourceTree = "<group>"; };
		23F7136222F74C750070ABD0 /* ProbabilityTree.xcdatamodel */ = {isa = PBXFileReference; lastKnownFileType = wrapper.xcdatamodel; path = ProbabilityTree.xcdatamodel; sourceTree = "<group>"; };
		23F7136422F74C760070ABD0 /* Assets.xcassets */ = {isa = PBXFileReference; lastKnownFileType = folder.assetcatalog; path = Assets.xcassets; sourceTree = "<group>"; };
		23F7136722F74C760070ABD0 /* Base */ = {isa = PBXFileReference; lastKnownFileType = file.storyboard; name = Base; path = Base.lproj/LaunchScreen.storyboard; sourceTree = "<group>"; };
		23F7136922F74C760070ABD0 /* Info.plist */ = {isa = PBXFileReference; lastKnownFileType = text.plist.xml; path = Info.plist; sourceTree = "<group>"; };
		23F7136E22F74C760070ABD0 /* ProbabilityTreeTests.xctest */ = {isa = PBXFileReference; explicitFileType = wrapper.cfbundle; includeInIndex = 0; path = ProbabilityTreeTests.xctest; sourceTree = BUILT_PRODUCTS_DIR; };
		23F7137222F74C760070ABD0 /* ProbabilityTreeTests.swift */ = {isa = PBXFileReference; lastKnownFileType = sourcecode.swift; path = ProbabilityTreeTests.swift; sourceTree = "<group>"; };
		23F7137422F74C760070ABD0 /* Info.plist */ = {isa = PBXFileReference; lastKnownFileType = text.plist.xml; path = Info.plist; sourceTree = "<group>"; };
		23F7137E22F74C9E0070ABD0 /* ProbabilityTree.swift */ = {isa = PBXFileReference; lastKnownFileType = sourcecode.swift; path = ProbabilityTree.swift; sourceTree = "<group>"; };
/* End PBXFileReference section */

/* Begin PBXFrameworksBuildPhase section */
		23F7135422F74C750070ABD0 /* Frameworks */ = {
			isa = PBXFrameworksBuildPhase;
			buildActionMask = 2147483647;
			files = (
			);
			runOnlyForDeploymentPostprocessing = 0;
		};
		23F7136B22F74C760070ABD0 /* Frameworks */ = {
			isa = PBXFrameworksBuildPhase;
			buildActionMask = 2147483647;
			files = (
			);
			runOnlyForDeploymentPostprocessing = 0;
		};
/* End PBXFrameworksBuildPhase section */

/* Begin PBXGroup section */
		23F7134E22F74C750070ABD0 = {
			isa = PBXGroup;
			children = (
				23F7135922F74C750070ABD0 /* ProbabilityTree */,
				23F7137122F74C760070ABD0 /* ProbabilityTreeTests */,
				23F7135822F74C750070ABD0 /* Products */,
			);
			sourceTree = "<group>";
		};
		23F7135822F74C750070ABD0 /* Products */ = {
			isa = PBXGroup;
			children = (
				23F7135722F74C750070ABD0 /* ProbabilityTree.app */,
				23F7136E22F74C760070ABD0 /* ProbabilityTreeTests.xctest */,
			);
			name = Products;
			sourceTree = "<group>";
		};
		23F7135922F74C750070ABD0 /* ProbabilityTree */ = {
			isa = PBXGroup;
			children = (
				23F7137D22F74C870070ABD0 /* Data */,
				23F7135A22F74C750070ABD0 /* AppDelegate.swift */,
				23F7135C22F74C750070ABD0 /* ViewController.swift */,
				2353AC4822F9F888006003E2 /* Stories.swift */,
				23F7135E22F74C750070ABD0 /* Main.storyboard */,
				23F7136422F74C760070ABD0 /* Assets.xcassets */,
				23F7136622F74C760070ABD0 /* LaunchScreen.storyboard */,
				23F7136922F74C760070ABD0 /* Info.plist */,
				23F7136122F74C750070ABD0 /* ProbabilityTree.xcdatamodeld */,
			);
			path = ProbabilityTree;
			sourceTree = "<group>";
		};
		23F7137122F74C760070ABD0 /* ProbabilityTreeTests */ = {
			isa = PBXGroup;
			children = (
				23F7137222F74C760070ABD0 /* ProbabilityTreeTests.swift */,
				23F7137422F74C760070ABD0 /* Info.plist */,
			);
			path = ProbabilityTreeTests;
			sourceTree = "<group>";
		};
		23F7137D22F74C870070ABD0 /* Data */ = {
			isa = PBXGroup;
			children = (
				23F7137E22F74C9E0070ABD0 /* ProbabilityTree.swift */,
				2384EB8922FD2E280038F1B3 /* ProbabilityGraph.swift */,
				2353AC4A22FA2EC2006003E2 /* PrettyMaker.swift */,
				2384EB8B22FD31610038F1B3 /* FakeMarkovChain.swift */,
				23DC4B642303243300674421 /* Probability.swift */,
				2347EFEA23048217004D0BF6 /* String+Helpers.swift */,
			);
			path = Data;
			sourceTree = "<group>";
		};
/* End PBXGroup section */

/* Begin PBXNativeTarget section */
		23F7135622F74C750070ABD0 /* ProbabilityTree */ = {
			isa = PBXNativeTarget;
			buildConfigurationList = 23F7137722F74C760070ABD0 /* Build configuration list for PBXNativeTarget "ProbabilityTree" */;
			buildPhases = (
				23F7135322F74C750070ABD0 /* Sources */,
				23F7135422F74C750070ABD0 /* Frameworks */,
				23F7135522F74C750070ABD0 /* Resources */,
			);
			buildRules = (
			);
			dependencies = (
			);
			name = ProbabilityTree;
			productName = ProbabilityTree;
			productReference = 23F7135722F74C750070ABD0 /* ProbabilityTree.app */;
			productType = "com.apple.product-type.application";
		};
		23F7136D22F74C760070ABD0 /* ProbabilityTreeTests */ = {
			isa = PBXNativeTarget;
			buildConfigurationList = 23F7137A22F74C760070ABD0 /* Build configuration list for PBXNativeTarget "ProbabilityTreeTests" */;
			buildPhases = (
				23F7136A22F74C760070ABD0 /* Sources */,
				23F7136B22F74C760070ABD0 /* Frameworks */,
				23F7136C22F74C760070ABD0 /* Resources */,
			);
			buildRules = (
			);
			dependencies = (
				23F7137022F74C760070ABD0 /* PBXTargetDependency */,
			);
			name = ProbabilityTreeTests;
			productName = ProbabilityTreeTests;
			productReference = 23F7136E22F74C760070ABD0 /* ProbabilityTreeTests.xctest */;
			productType = "com.apple.product-type.bundle.unit-test";
		};
/* End PBXNativeTarget section */

/* Begin PBXProject section */
		23F7134F22F74C750070ABD0 /* Project object */ = {
			isa = PBXProject;
			attributes = {
				LastSwiftUpdateCheck = 1030;
				LastUpgradeCheck = 1030;
				ORGANIZATIONNAME = "Jake Hawken";
				TargetAttributes = {
					23F7135622F74C750070ABD0 = {
						CreatedOnToolsVersion = 10.3;
					};
					23F7136D22F74C760070ABD0 = {
						CreatedOnToolsVersion = 10.3;
						TestTargetID = 23F7135622F74C750070ABD0;
					};
				};
			};
			buildConfigurationList = 23F7135222F74C750070ABD0 /* Build configuration list for PBXProject "ProbabilityTree" */;
			compatibilityVersion = "Xcode 9.3";
			developmentRegion = en;
			hasScannedForEncodings = 0;
			knownRegions = (
				en,
				Base,
			);
			mainGroup = 23F7134E22F74C750070ABD0;
			productRefGroup = 23F7135822F74C750070ABD0 /* Products */;
			projectDirPath = "";
			projectRoot = "";
			targets = (
				23F7135622F74C750070ABD0 /* ProbabilityTree */,
				23F7136D22F74C760070ABD0 /* ProbabilityTreeTests */,
			);
		};
/* End PBXProject section */

/* Begin PBXResourcesBuildPhase section */
		23F7135522F74C750070ABD0 /* Resources */ = {
			isa = PBXResourcesBuildPhase;
			buildActionMask = 2147483647;
			files = (
				23F7136822F74C760070ABD0 /* LaunchScreen.storyboard in Resources */,
				23F7136522F74C760070ABD0 /* Assets.xcassets in Resources */,
				23F7136022F74C750070ABD0 /* Main.storyboard in Resources */,
			);
			runOnlyForDeploymentPostprocessing = 0;
		};
		23F7136C22F74C760070ABD0 /* Resources */ = {
			isa = PBXResourcesBuildPhase;
			buildActionMask = 2147483647;
			files = (
			);
			runOnlyForDeploymentPostprocessing = 0;
		};
/* End PBXResourcesBuildPhase section */

/* Begin PBXSourcesBuildPhase section */
		23F7135322F74C750070ABD0 /* Sources */ = {
			isa = PBXSourcesBuildPhase;
			buildActionMask = 2147483647;
			files = (
				23F7135D22F74C750070ABD0 /* ViewController.swift in Sources */,
				23F7137F22F74C9E0070ABD0 /* ProbabilityTree.swift in Sources */,
				2347EFEB23048217004D0BF6 /* String+Helpers.swift in Sources */,
				2384EB8C22FD31610038F1B3 /* FakeMarkovChain.swift in Sources */,
				2353AC4B22FA2EC2006003E2 /* PrettyMaker.swift in Sources */,
				23F7136322F74C750070ABD0 /* ProbabilityTree.xcdatamodeld in Sources */,
				2353AC4922F9F888006003E2 /* Stories.swift in Sources */,
				23F7135B22F74C750070ABD0 /* AppDelegate.swift in Sources */,
				2384EB8A22FD2E280038F1B3 /* ProbabilityGraph.swift in Sources */,
				23DC4B652303243300674421 /* Probability.swift in Sources */,
			);
			runOnlyForDeploymentPostprocessing = 0;
		};
		23F7136A22F74C760070ABD0 /* Sources */ = {
			isa = PBXSourcesBuildPhase;
			buildActionMask = 2147483647;
			files = (
				23F7137322F74C760070ABD0 /* ProbabilityTreeTests.swift in Sources */,
			);
			runOnlyForDeploymentPostprocessing = 0;
		};
/* End PBXSourcesBuildPhase section */

/* Begin PBXTargetDependency section */
		23F7137022F74C760070ABD0 /* PBXTargetDependency */ = {
			isa = PBXTargetDependency;
			target = 23F7135622F74C750070ABD0 /* ProbabilityTree */;
			targetProxy = 23F7136F22F74C760070ABD0 /* PBXContainerItemProxy */;
		};
/* End PBXTargetDependency section */

/* Begin PBXVariantGroup section */
		23F7135E22F74C750070ABD0 /* Main.storyboard */ = {
			isa = PBXVariantGroup;
			children = (
				23F7135F22F74C750070ABD0 /* Base */,
			);
			name = Main.storyboard;
			sourceTree = "<group>";
		};
		23F7136622F74C760070ABD0 /* LaunchScreen.storyboard */ = {
			isa = PBXVariantGroup;
			children = (
				23F7136722F74C760070ABD0 /* Base */,
			);
			name = LaunchScreen.storyboard;
			sourceTree = "<group>";
		};
/* End PBXVariantGroup section */

/* Begin XCBuildConfiguration section */
		23F7137522F74C760070ABD0 /* Debug */ = {
			isa = XCBuildConfiguration;
			buildSettings = {
				ALWAYS_SEARCH_USER_PATHS = NO;
				CLANG_ANALYZER_NONNULL = YES;
				CLANG_ANALYZER_NUMBER_OBJECT_CONVERSION = YES_AGGRESSIVE;
				CLANG_CXX_LANGUAGE_STANDARD = "gnu++14";
				CLANG_CXX_LIBRARY = "libc++";
				CLANG_ENABLE_MODULES = YES;
				CLANG_ENABLE_OBJC_ARC = YES;
				CLANG_ENABLE_OBJC_WEAK = YES;
				CLANG_WARN_BLOCK_CAPTURE_AUTORELEASING = YES;
				CLANG_WARN_BOOL_CONVERSION = YES;
				CLANG_WARN_COMMA = YES;
				CLANG_WARN_CONSTANT_CONVERSION = YES;
				CLANG_WARN_DEPRECATED_OBJC_IMPLEMENTATIONS = YES;
				CLANG_WARN_DIRECT_OBJC_ISA_USAGE = YES_ERROR;
				CLANG_WARN_DOCUMENTATION_COMMENTS = YES;
				CLANG_WARN_EMPTY_BODY = YES;
				CLANG_WARN_ENUM_CONVERSION = YES;
				CLANG_WARN_INFINITE_RECURSION = YES;
				CLANG_WARN_INT_CONVERSION = YES;
				CLANG_WARN_NON_LITERAL_NULL_CONVERSION = YES;
				CLANG_WARN_OBJC_IMPLICIT_RETAIN_SELF = YES;
				CLANG_WARN_OBJC_LITERAL_CONVERSION = YES;
				CLANG_WARN_OBJC_ROOT_CLASS = YES_ERROR;
				CLANG_WARN_RANGE_LOOP_ANALYSIS = YES;
				CLANG_WARN_STRICT_PROTOTYPES = YES;
				CLANG_WARN_SUSPICIOUS_MOVE = YES;
				CLANG_WARN_UNGUARDED_AVAILABILITY = YES_AGGRESSIVE;
				CLANG_WARN_UNREACHABLE_CODE = YES;
				CLANG_WARN__DUPLICATE_METHOD_MATCH = YES;
				CODE_SIGN_IDENTITY = "iPhone Developer";
				COPY_PHASE_STRIP = NO;
				DEBUG_INFORMATION_FORMAT = dwarf;
				ENABLE_STRICT_OBJC_MSGSEND = YES;
				ENABLE_TESTABILITY = YES;
				GCC_C_LANGUAGE_STANDARD = gnu11;
				GCC_DYNAMIC_NO_PIC = NO;
				GCC_NO_COMMON_BLOCKS = YES;
				GCC_OPTIMIZATION_LEVEL = 0;
				GCC_PREPROCESSOR_DEFINITIONS = (
					"DEBUG=1",
					"$(inherited)",
				);
				GCC_WARN_64_TO_32_BIT_CONVERSION = YES;
				GCC_WARN_ABOUT_RETURN_TYPE = YES_ERROR;
				GCC_WARN_UNDECLARED_SELECTOR = YES;
				GCC_WARN_UNINITIALIZED_AUTOS = YES_AGGRESSIVE;
				GCC_WARN_UNUSED_FUNCTION = YES;
				GCC_WARN_UNUSED_VARIABLE = YES;
				IPHONEOS_DEPLOYMENT_TARGET = 12.4;
				MTL_ENABLE_DEBUG_INFO = INCLUDE_SOURCE;
				MTL_FAST_MATH = YES;
				ONLY_ACTIVE_ARCH = YES;
				SDKROOT = iphoneos;
				SWIFT_ACTIVE_COMPILATION_CONDITIONS = DEBUG;
				SWIFT_OPTIMIZATION_LEVEL = "-Onone";
			};
			name = Debug;
		};
		23F7137622F74C760070ABD0 /* Release */ = {
			isa = XCBuildConfiguration;
			buildSettings = {
				ALWAYS_SEARCH_USER_PATHS = NO;
				CLANG_ANALYZER_NONNULL = YES;
				CLANG_ANALYZER_NUMBER_OBJECT_CONVERSION = YES_AGGRESSIVE;
				CLANG_CXX_LANGUAGE_STANDARD = "gnu++14";
				CLANG_CXX_LIBRARY = "libc++";
				CLANG_ENABLE_MODULES = YES;
				CLANG_ENABLE_OBJC_ARC = YES;
				CLANG_ENABLE_OBJC_WEAK = YES;
				CLANG_WARN_BLOCK_CAPTURE_AUTORELEASING = YES;
				CLANG_WARN_BOOL_CONVERSION = YES;
				CLANG_WARN_COMMA = YES;
				CLANG_WARN_CONSTANT_CONVERSION = YES;
				CLANG_WARN_DEPRECATED_OBJC_IMPLEMENTATIONS = YES;
				CLANG_WARN_DIRECT_OBJC_ISA_USAGE = YES_ERROR;
				CLANG_WARN_DOCUMENTATION_COMMENTS = YES;
				CLANG_WARN_EMPTY_BODY = YES;
				CLANG_WARN_ENUM_CONVERSION = YES;
				CLANG_WARN_INFINITE_RECURSION = YES;
				CLANG_WARN_INT_CONVERSION = YES;
				CLANG_WARN_NON_LITERAL_NULL_CONVERSION = YES;
				CLANG_WARN_OBJC_IMPLICIT_RETAIN_SELF = YES;
				CLANG_WARN_OBJC_LITERAL_CONVERSION = YES;
				CLANG_WARN_OBJC_ROOT_CLASS = YES_ERROR;
				CLANG_WARN_RANGE_LOOP_ANALYSIS = YES;
				CLANG_WARN_STRICT_PROTOTYPES = YES;
				CLANG_WARN_SUSPICIOUS_MOVE = YES;
				CLANG_WARN_UNGUARDED_AVAILABILITY = YES_AGGRESSIVE;
				CLANG_WARN_UNREACHABLE_CODE = YES;
				CLANG_WARN__DUPLICATE_METHOD_MATCH = YES;
				CODE_SIGN_IDENTITY = "iPhone Developer";
				COPY_PHASE_STRIP = NO;
				DEBUG_INFORMATION_FORMAT = "dwarf-with-dsym";
				ENABLE_NS_ASSERTIONS = NO;
				ENABLE_STRICT_OBJC_MSGSEND = YES;
				GCC_C_LANGUAGE_STANDARD = gnu11;
				GCC_NO_COMMON_BLOCKS = YES;
				GCC_WARN_64_TO_32_BIT_CONVERSION = YES;
				GCC_WARN_ABOUT_RETURN_TYPE = YES_ERROR;
				GCC_WARN_UNDECLARED_SELECTOR = YES;
				GCC_WARN_UNINITIALIZED_AUTOS = YES_AGGRESSIVE;
				GCC_WARN_UNUSED_FUNCTION = YES;
				GCC_WARN_UNUSED_VARIABLE = YES;
				IPHONEOS_DEPLOYMENT_TARGET = 12.4;
				MTL_ENABLE_DEBUG_INFO = NO;
				MTL_FAST_MATH = YES;
				SDKROOT = iphoneos;
				SWIFT_COMPILATION_MODE = wholemodule;
				SWIFT_OPTIMIZATION_LEVEL = "-O";
				VALIDATE_PRODUCT = YES;
			};
			name = Release;
		};
		23F7137822F74C760070ABD0 /* Debug */ = {
			isa = XCBuildConfiguration;
			buildSettings = {
				ASSETCATALOG_COMPILER_APPICON_NAME = AppIcon;
				CODE_SIGN_STYLE = Automatic;
				DEVELOPMENT_TEAM = 84KK9DECJ8;
				INFOPLIST_FILE = ProbabilityTree/Info.plist;
				LD_RUNPATH_SEARCH_PATHS = (
					"$(inherited)",
					"@executable_path/Frameworks",
				);
				PRODUCT_BUNDLE_IDENTIFIER = com.jakehawken.ProbabilityTree;
				PRODUCT_NAME = "$(TARGET_NAME)";
				SWIFT_VERSION = 5.0;
				TARGETED_DEVICE_FAMILY = "1,2";
			};
			name = Debug;
		};
		23F7137922F74C760070ABD0 /* Release */ = {
			isa = XCBuildConfiguration;
			buildSettings = {
				ASSETCATALOG_COMPILER_APPICON_NAME = AppIcon;
				CODE_SIGN_STYLE = Automatic;
				DEVELOPMENT_TEAM = 84KK9DECJ8;
				INFOPLIST_FILE = ProbabilityTree/Info.plist;
				LD_RUNPATH_SEARCH_PATHS = (
					"$(inherited)",
					"@executable_path/Frameworks",
				);
				PRODUCT_BUNDLE_IDENTIFIER = com.jakehawken.ProbabilityTree;
				PRODUCT_NAME = "$(TARGET_NAME)";
				SWIFT_VERSION = 5.0;
				TARGETED_DEVICE_FAMILY = "1,2";
			};
			name = Release;
		};
		23F7137B22F74C760070ABD0 /* Debug */ = {
			isa = XCBuildConfiguration;
			buildSettings = {
				ALWAYS_EMBED_SWIFT_STANDARD_LIBRARIES = YES;
				BUNDLE_LOADER = "$(TEST_HOST)";
				CODE_SIGN_STYLE = Automatic;
				DEVELOPMENT_TEAM = 84KK9DECJ8;
				INFOPLIST_FILE = ProbabilityTreeTests/Info.plist;
				LD_RUNPATH_SEARCH_PATHS = (
					"$(inherited)",
					"@executable_path/Frameworks",
					"@loader_path/Frameworks",
				);
				PRODUCT_BUNDLE_IDENTIFIER = com.jakehawken.ProbabilityTreeTests;
				PRODUCT_NAME = "$(TARGET_NAME)";
				SWIFT_VERSION = 5.0;
				TARGETED_DEVICE_FAMILY = "1,2";
				TEST_HOST = "$(BUILT_PRODUCTS_DIR)/ProbabilityTree.app/ProbabilityTree";
			};
			name = Debug;
		};
		23F7137C22F74C760070ABD0 /* Release */ = {
			isa = XCBuildConfiguration;
			buildSettings = {
				ALWAYS_EMBED_SWIFT_STANDARD_LIBRARIES = YES;
				BUNDLE_LOADER = "$(TEST_HOST)";
				CODE_SIGN_STYLE = Automatic;
				DEVELOPMENT_TEAM = 84KK9DECJ8;
				INFOPLIST_FILE = ProbabilityTreeTests/Info.plist;
				LD_RUNPATH_SEARCH_PATHS = (
					"$(inherited)",
					"@executable_path/Frameworks",
					"@loader_path/Frameworks",
				);
				PRODUCT_BUNDLE_IDENTIFIER = com.jakehawken.ProbabilityTreeTests;
				PRODUCT_NAME = "$(TARGET_NAME)";
				SWIFT_VERSION = 5.0;
				TARGETED_DEVICE_FAMILY = "1,2";
				TEST_HOST = "$(BUILT_PRODUCTS_DIR)/ProbabilityTree.app/ProbabilityTree";
			};
			name = Release;
		};
/* End XCBuildConfiguration section */

/* Begin XCConfigurationList section */
		23F7135222F74C750070ABD0 /* Build configuration list for PBXProject "ProbabilityTree" */ = {
			isa = XCConfigurationList;
			buildConfigurations = (
				23F7137522F74C760070ABD0 /* Debug */,
				23F7137622F74C760070ABD0 /* Release */,
			);
			defaultConfigurationIsVisible = 0;
			defaultConfigurationName = Release;
		};
		23F7137722F74C760070ABD0 /* Build configuration list for PBXNativeTarget "ProbabilityTree" */ = {
			isa = XCConfigurationList;
			buildConfigurations = (
				23F7137822F74C760070ABD0 /* Debug */,
				23F7137922F74C760070ABD0 /* Release */,
			);
			defaultConfigurationIsVisible = 0;
			defaultConfigurationName = Release;
		};
		23F7137A22F74C760070ABD0 /* Build configuration list for PBXNativeTarget "ProbabilityTreeTests" */ = {
			isa = XCConfigurationList;
			buildConfigurations = (
				23F7137B22F74C760070ABD0 /* Debug */,
				23F7137C22F74C760070ABD0 /* Release */,
			);
			defaultConfigurationIsVisible = 0;
			defaultConfigurationName = Release;
		};
/* End XCConfigurationList section */

/* Begin XCVersionGroup section */
		23F7136122F74C750070ABD0 /* ProbabilityTree.xcdatamodeld */ = {
			isa = XCVersionGroup;
			children = (
				23F7136222F74C750070ABD0 /* ProbabilityTree.xcdatamodel */,
			);
			currentVersion = 23F7136222F74C750070ABD0 /* ProbabilityTree.xcdatamodel */;
			path = ProbabilityTree.xcdatamodeld;
			sourceTree = "<group>";
			versionGroupType = wrapper.xcdatamodel;
		};
/* End XCVersionGroup section */
	};
	rootObject = 23F7134F22F74C750070ABD0 /* Project object */;
}
